// !$*UTF8*$!
{
	archiveVersion = 1;
	classes = {
	};
	objectVersion = 46;
	objects = {

/* Begin PBXBuildFile section */
		882FC97C1B36EC9E000949D8 /* AppDelegate.swift in Sources */ = {isa = PBXBuildFile; fileRef = 882FC97B1B36EC9E000949D8 /* AppDelegate.swift */; };
		882FC97E1B36EC9E000949D8 /* ViewController.swift in Sources */ = {isa = PBXBuildFile; fileRef = 882FC97D1B36EC9E000949D8 /* ViewController.swift */; };
		882FC9811B36EC9E000949D8 /* Main.storyboard in Resources */ = {isa = PBXBuildFile; fileRef = 882FC97F1B36EC9E000949D8 /* Main.storyboard */; };
		882FC9831B36EC9E000949D8 /* Images.xcassets in Resources */ = {isa = PBXBuildFile; fileRef = 882FC9821B36EC9E000949D8 /* Images.xcassets */; };
		882FC9861B36EC9E000949D8 /* LaunchScreen.xib in Resources */ = {isa = PBXBuildFile; fileRef = 882FC9841B36EC9E000949D8 /* LaunchScreen.xib */; };
		882FC9921B36EC9E000949D8 /* WYInteractiveTransitionsTests.swift in Sources */ = {isa = PBXBuildFile; fileRef = 882FC9911B36EC9E000949D8 /* WYInteractiveTransitionsTests.swift */; };
		882FC99C1B36ECCE000949D8 /* WYTransitionManager.swift in Sources */ = {isa = PBXBuildFile; fileRef = 882FC99B1B36ECCE000949D8 /* WYTransitionManager.swift */; };
/* End PBXBuildFile section */

/* Begin PBXContainerItemProxy section */
		882FC98C1B36EC9E000949D8 /* PBXContainerItemProxy */ = {
			isa = PBXContainerItemProxy;
			containerPortal = 882FC96E1B36EC9E000949D8 /* Project object */;
			proxyType = 1;
			remoteGlobalIDString = 882FC9751B36EC9E000949D8;
			remoteInfo = WYInteractiveTransitions;
		};
/* End PBXContainerItemProxy section */

/* Begin PBXFileReference section */
		882FC9761B36EC9E000949D8 /* WYInteractiveTransitions.app */ = {isa = PBXFileReference; explicitFileType = wrapper.application; includeInIndex = 0; path = WYInteractiveTransitions.app; sourceTree = BUILT_PRODUCTS_DIR; };
		882FC97A1B36EC9E000949D8 /* Info.plist */ = {isa = PBXFileReference; lastKnownFileType = text.plist.xml; path = Info.plist; sourceTree = "<group>"; };
		882FC97B1B36EC9E000949D8 /* AppDelegate.swift */ = {isa = PBXFileReference; lastKnownFileType = sourcecode.swift; path = AppDelegate.swift; sourceTree = "<group>"; };
		882FC97D1B36EC9E000949D8 /* ViewController.swift */ = {isa = PBXFileReference; lastKnownFileType = sourcecode.swift; path = ViewController.swift; sourceTree = "<group>"; };
		882FC9801B36EC9E000949D8 /* Base */ = {isa = PBXFileReference; lastKnownFileType = file.storyboard; name = Base; path = Base.lproj/Main.storyboard; sourceTree = "<group>"; };
		882FC9821B36EC9E000949D8 /* Images.xcassets */ = {isa = PBXFileReference; lastKnownFileType = folder.assetcatalog; path = Images.xcassets; sourceTree = "<group>"; };
		882FC9851B36EC9E000949D8 /* Base */ = {isa = PBXFileReference; lastKnownFileType = file.xib; name = Base; path = Base.lproj/LaunchScreen.xib; sourceTree = "<group>"; };
		882FC98B1B36EC9E000949D8 /* WYInteractiveTransitionsTests.xctest */ = {isa = PBXFileReference; explicitFileType = wrapper.cfbundle; includeInIndex = 0; path = WYInteractiveTransitionsTests.xctest; sourceTree = BUILT_PRODUCTS_DIR; };
		882FC9901B36EC9E000949D8 /* Info.plist */ = {isa = PBXFileReference; lastKnownFileType = text.plist.xml; path = Info.plist; sourceTree = "<group>"; };
		882FC9911B36EC9E000949D8 /* WYInteractiveTransitionsTests.swift */ = {isa = PBXFileReference; lastKnownFileType = sourcecode.swift; path = WYInteractiveTransitionsTests.swift; sourceTree = "<group>"; };
		882FC99B1B36ECCE000949D8 /* WYTransitionManager.swift */ = {isa = PBXFileReference; fileEncoding = 4; lastKnownFileType = sourcecode.swift; path = WYTransitionManager.swift; sourceTree = "<group>"; };
/* End PBXFileReference section */

/* Begin PBXFrameworksBuildPhase section */
		882FC9731B36EC9E000949D8 /* Frameworks */ = {
			isa = PBXFrameworksBuildPhase;
			buildActionMask = 2147483647;
			files = (
			);
			runOnlyForDeploymentPostprocessing = 0;
		};
		882FC9881B36EC9E000949D8 /* Frameworks */ = {
			isa = PBXFrameworksBuildPhase;
			buildActionMask = 2147483647;
			files = (
			);
			runOnlyForDeploymentPostprocessing = 0;
		};
/* End PBXFrameworksBuildPhase section */

/* Begin PBXGroup section */
		882FC96D1B36EC9E000949D8 = {
			isa = PBXGroup;
			children = (
				882FC9781B36EC9E000949D8 /* WYInteractiveTransitions */,
				882FC98E1B36EC9E000949D8 /* WYInteractiveTransitionsTests */,
				882FC9771B36EC9E000949D8 /* Products */,
			);
			sourceTree = "<group>";
		};
		882FC9771B36EC9E000949D8 /* Products */ = {
			isa = PBXGroup;
			children = (
				882FC9761B36EC9E000949D8 /* WYInteractiveTransitions.app */,
				882FC98B1B36EC9E000949D8 /* WYInteractiveTransitionsTests.xctest */,
			);
			name = Products;
			sourceTree = "<group>";
		};
		882FC9781B36EC9E000949D8 /* WYInteractiveTransitions */ = {
			isa = PBXGroup;
			children = (
				882FC97B1B36EC9E000949D8 /* AppDelegate.swift */,
				882FC97D1B36EC9E000949D8 /* ViewController.swift */,
				882FC97F1B36EC9E000949D8 /* Main.storyboard */,
				882FC99B1B36ECCE000949D8 /* WYTransitionManager.swift */,
				882FC9821B36EC9E000949D8 /* Images.xcassets */,
				882FC9841B36EC9E000949D8 /* LaunchScreen.xib */,
				882FC9791B36EC9E000949D8 /* Supporting Files */,
			);
			path = WYInteractiveTransitions;
			sourceTree = "<group>";
		};
		882FC9791B36EC9E000949D8 /* Supporting Files */ = {
			isa = PBXGroup;
			children = (
				882FC97A1B36EC9E000949D8 /* Info.plist */,
			);
			name = "Supporting Files";
			sourceTree = "<group>";
		};
		882FC98E1B36EC9E000949D8 /* WYInteractiveTransitionsTests */ = {
			isa = PBXGroup;
			children = (
				882FC9911B36EC9E000949D8 /* WYInteractiveTransitionsTests.swift */,
				882FC98F1B36EC9E000949D8 /* Supporting Files */,
			);
			path = WYInteractiveTransitionsTests;
			sourceTree = "<group>";
		};
		882FC98F1B36EC9E000949D8 /* Supporting Files */ = {
			isa = PBXGroup;
			children = (
				882FC9901B36EC9E000949D8 /* Info.plist */,
			);
			name = "Supporting Files";
			sourceTree = "<group>";
		};
/* End PBXGroup section */

/* Begin PBXNativeTarget section */
		882FC9751B36EC9E000949D8 /* WYInteractiveTransitions */ = {
			isa = PBXNativeTarget;
			buildConfigurationList = 882FC9951B36EC9E000949D8 /* Build configuration list for PBXNativeTarget "WYInteractiveTransitions" */;
			buildPhases = (
				882FC9721B36EC9E000949D8 /* Sources */,
				882FC9731B36EC9E000949D8 /* Frameworks */,
				882FC9741B36EC9E000949D8 /* Resources */,
			);
			buildRules = (
			);
			dependencies = (
			);
			name = WYInteractiveTransitions;
			productName = WYInteractiveTransitions;
			productReference = 882FC9761B36EC9E000949D8 /* WYInteractiveTransitions.app */;
			productType = "com.apple.product-type.application";
		};
		882FC98A1B36EC9E000949D8 /* WYInteractiveTransitionsTests */ = {
			isa = PBXNativeTarget;
			buildConfigurationList = 882FC9981B36EC9E000949D8 /* Build configuration list for PBXNativeTarget "WYInteractiveTransitionsTests" */;
			buildPhases = (
				882FC9871B36EC9E000949D8 /* Sources */,
				882FC9881B36EC9E000949D8 /* Frameworks */,
				882FC9891B36EC9E000949D8 /* Resources */,
			);
			buildRules = (
			);
			dependencies = (
				882FC98D1B36EC9E000949D8 /* PBXTargetDependency */,
			);
			name = WYInteractiveTransitionsTests;
			productName = WYInteractiveTransitionsTests;
			productReference = 882FC98B1B36EC9E000949D8 /* WYInteractiveTransitionsTests.xctest */;
			productType = "com.apple.product-type.bundle.unit-test";
		};
/* End PBXNativeTarget section */

/* Begin PBXProject section */
		882FC96E1B36EC9E000949D8 /* Project object */ = {
			isa = PBXProject;
			attributes = {
				LastUpgradeCheck = 0630;
				ORGANIZATIONNAME = "Yu Wang";
				TargetAttributes = {
					882FC9751B36EC9E000949D8 = {
						CreatedOnToolsVersion = 6.3.2;
					};
					882FC98A1B36EC9E000949D8 = {
						CreatedOnToolsVersion = 6.3.2;
						TestTargetID = 882FC9751B36EC9E000949D8;
					};
				};
			};
			buildConfigurationList = 882FC9711B36EC9E000949D8 /* Build configuration list for PBXProject "WYInteractiveTransitions" */;
			compatibilityVersion = "Xcode 3.2";
			developmentRegion = English;
			hasScannedForEncodings = 0;
			knownRegions = (
				en,
				Base,
			);
			mainGroup = 882FC96D1B36EC9E000949D8;
			productRefGroup = 882FC9771B36EC9E000949D8 /* Products */;
			projectDirPath = "";
			projectRoot = "";
			targets = (
				882FC9751B36EC9E000949D8 /* WYInteractiveTransitions */,
				882FC98A1B36EC9E000949D8 /* WYInteractiveTransitionsTests */,
			);
		};
/* End PBXProject section */

/* Begin PBXResourcesBuildPhase section */
		882FC9741B36EC9E000949D8 /* Resources */ = {
			isa = PBXResourcesBuildPhase;
			buildActionMask = 2147483647;
			files = (
				882FC9811B36EC9E000949D8 /* Main.storyboard in Resources */,
				882FC9861B36EC9E000949D8 /* LaunchScreen.xib in Resources */,
				882FC9831B36EC9E000949D8 /* Images.xcassets in Resources */,
			);
			runOnlyForDeploymentPostprocessing = 0;
		};
		882FC9891B36EC9E000949D8 /* Resources */ = {
			isa = PBXResourcesBuildPhase;
			buildActionMask = 2147483647;
			files = (
			);
			runOnlyForDeploymentPostprocessing = 0;
		};
/* End PBXResourcesBuildPhase section */

/* Begin PBXSourcesBuildPhase section */
		882FC9721B36EC9E000949D8 /* Sources */ = {
			isa = PBXSourcesBuildPhase;
			buildActionMask = 2147483647;
			files = (
				882FC99C1B36ECCE000949D8 /* WYTransitionManager.swift in Sources */,
				882FC97E1B36EC9E000949D8 /* ViewController.swift in Sources */,
				882FC97C1B36EC9E000949D8 /* AppDelegate.swift in Sources */,
			);
			runOnlyForDeploymentPostprocessing = 0;
		};
		882FC9871B36EC9E000949D8 /* Sources */ = {
			isa = PBXSourcesBuildPhase;
			buildActionMask = 2147483647;
			files = (
				882FC9921B36EC9E000949D8 /* WYInteractiveTransitionsTests.swift in Sources */,
			);
			runOnlyForDeploymentPostprocessing = 0;
		};
/* End PBXSourcesBuildPhase section */

/* Begin PBXTargetDependency section */
		882FC98D1B36EC9E000949D8 /* PBXTargetDependency */ = {
			isa = PBXTargetDependency;
			target = 882FC9751B36EC9E000949D8 /* WYInteractiveTransitions */;
			targetProxy = 882FC98C1B36EC9E000949D8 /* PBXContainerItemProxy */;
		};
/* End PBXTargetDependency section */

/* Begin PBXVariantGroup section */
		882FC97F1B36EC9E000949D8 /* Main.storyboard */ = {
			isa = PBXVariantGroup;
			children = (
				882FC9801B36EC9E000949D8 /* Base */,
			);
			name = Main.storyboard;
			sourceTree = "<group>";
		};
		882FC9841B36EC9E000949D8 /* LaunchScreen.xib */ = {
			isa = PBXVariantGroup;
			children = (
				882FC9851B36EC9E000949D8 /* Base */,
			);
			name = LaunchScreen.xib;
			sourceTree = "<group>";
		};
/* End PBXVariantGroup section */

/* Begin XCBuildConfiguration section */
		882FC9931B36EC9E000949D8 /* Debug */ = {
			isa = XCBuildConfiguration;
			buildSettings = {
				ALWAYS_SEARCH_USER_PATHS = NO;
				CLANG_CXX_LANGUAGE_STANDARD = "gnu++0x";
				CLANG_CXX_LIBRARY = "libc++";
				CLANG_ENABLE_MODULES = YES;
				CLANG_ENABLE_OBJC_ARC = YES;
				CLANG_WARN_BOOL_CONVERSION = YES;
				CLANG_WARN_CONSTANT_CONVERSION = YES;
				CLANG_WARN_DIRECT_OBJC_ISA_USAGE = YES_ERROR;
				CLANG_WARN_EMPTY_BODY = YES;
				CLANG_WARN_ENUM_CONVERSION = YES;
				CLANG_WARN_INT_CONVERSION = YES;
				CLANG_WARN_OBJC_ROOT_CLASS = YES_ERROR;
				CLANG_WARN_UNREACHABLE_CODE = YES;
				CLANG_WARN__DUPLICATE_METHOD_MATCH = YES;
				"CODE_SIGN_IDENTITY[sdk=iphoneos*]" = "iPhone Developer";
				COPY_PHASE_STRIP = NO;
				DEBUG_INFORMATION_FORMAT = "dwarf-with-dsym";
				ENABLE_STRICT_OBJC_MSGSEND = YES;
				GCC_C_LANGUAGE_STANDARD = gnu99;
				GCC_DYNAMIC_NO_PIC = NO;
				GCC_NO_COMMON_BLOCKS = YES;
				GCC_OPTIMIZATION_LEVEL = 0;
				GCC_PREPROCESSOR_DEFINITIONS = (
					"DEBUG=1",
					"$(inherited)",
				);
				GCC_SYMBOLS_PRIVATE_EXTERN = NO;
				GCC_WARN_64_TO_32_BIT_CONVERSION = YES;
				GCC_WARN_ABOUT_RETURN_TYPE = YES_ERROR;
				GCC_WARN_UNDECLARED_SELECTOR = YES;
				GCC_WARN_UNINITIALIZED_AUTOS = YES_AGGRESSIVE;
				GCC_WARN_UNUSED_FUNCTION = YES;
				GCC_WARN_UNUSED_VARIABLE = YES;
				IPHONEOS_DEPLOYMENT_TARGET = 8.3;
				MTL_ENABLE_DEBUG_INFO = YES;
				ONLY_ACTIVE_ARCH = YES;
				SDKROOT = iphoneos;
				SWIFT_OPTIMIZATION_LEVEL = "-Onone";
			};
			name = Debug;
		};
		882FC9941B36EC9E000949D8 /* Release */ = {
			isa = XCBuildConfiguration;
			buildSettings = {
				ALWAYS_SEARCH_USER_PATHS = NO;
				CLANG_CXX_LANGUAGE_STANDARD = "gnu++0x";
				CLANG_CXX_LIBRARY = "libc++";
				CLANG_ENABLE_MODULES = YES;
				CLANG_ENABLE_OBJC_ARC = YES;
				CLANG_WARN_BOOL_CONVERSION = YES;
				CLANG_WARN_CONSTANT_CONVERSION = YES;
				CLANG_WARN_DIRECT_OBJC_ISA_USAGE = YES_ERROR;
				CLANG_WARN_EMPTY_BODY = YES;
				CLANG_WARN_ENUM_CONVERSION = YES;
				CLANG_WARN_INT_CONVERSION = YES;
				CLANG_WARN_OBJC_ROOT_CLASS = YES_ERROR;
				CLANG_WARN_UNREACHABLE_CODE = YES;
				CLANG_WARN__DUPLICATE_METHOD_MATCH = YES;
				"CODE_SIGN_IDENTITY[sdk=iphoneos*]" = "iPhone Developer";
				COPY_PHASE_STRIP = NO;
				DEBUG_INFORMATION_FORMAT = "dwarf-with-dsym";
				ENABLE_NS_ASSERTIONS = NO;
				ENABLE_STRICT_OBJC_MSGSEND = YES;
				GCC_C_LANGUAGE_STANDARD = gnu99;
				GCC_NO_COMMON_BLOCKS = YES;
				GCC_WARN_64_TO_32_BIT_CONVERSION = YES;
				GCC_WARN_ABOUT_RETURN_TYPE = YES_ERROR;
				GCC_WARN_UNDECLARED_SELECTOR = YES;
				GCC_WARN_UNINITIALIZED_AUTOS = YES_AGGRESSIVE;
				GCC_WARN_UNUSED_FUNCTION = YES;
				GCC_WARN_UNUSED_VARIABLE = YES;
				IPHONEOS_DEPLOYMENT_TARGET = 8.3;
				MTL_ENABLE_DEBUG_INFO = NO;
				SDKROOT = iphoneos;
				VALIDATE_PRODUCT = YES;
			};
			name = Release;
		};
		882FC9961B36EC9E000949D8 /* Debug */ = {
			isa = XCBuildConfiguration;
			buildSettings = {
				ASSETCATALOG_COMPILER_APPICON_NAME = AppIcon;
				INFOPLIST_FILE = WYInteractiveTransitions/Info.plist;
				LD_RUNPATH_SEARCH_PATHS = "$(inherited) @executable_path/Frameworks";
				PRODUCT_NAME = "$(TARGET_NAME)";
			};
			name = Debug;
		};
		882FC9971B36EC9E000949D8 /* Release */ = {
			isa = XCBuildConfiguration;
			buildSettings = {
				ASSETCATALOG_COMPILER_APPICON_NAME = AppIcon;
				INFOPLIST_FILE = WYInteractiveTransitions/Info.plist;
				LD_RUNPATH_SEARCH_PATHS = "$(inherited) @executable_path/Frameworks";
				PRODUCT_NAME = "$(TARGET_NAME)";
			};
			name = Release;
		};
		882FC9991B36EC9E000949D8 /* Debug */ = {
			isa = XCBuildConfiguration;
			buildSettings = {
				BUNDLE_LOADER = "$(TEST_HOST)";
				FRAMEWORK_SEARCH_PATHS = (
					"$(SDKROOT)/Developer/Library/Frameworks",
					"$(inherited)",
				);
				GCC_PREPROCESSOR_DEFINITIONS = (
					"DEBUG=1",
					"$(inherited)",
				);
				INFOPLIST_FILE = WYInteractiveTransitionsTests/Info.plist;
				LD_RUNPATH_SEARCH_PATHS = "$(inherited) @executable_path/Frameworks @loader_path/Frameworks";
				PRODUCT_NAME = "$(TARGET_NAME)";
				TEST_HOST = "$(BUILT_PRODUCTS_DIR)/WYInteractiveTransitions.app/WYInteractiveTransitions";
			};
			name = Debug;
		};
		882FC99A1B36EC9E000949D8 /* Release */ = {
			isa = XCBuildConfiguration;
			buildSettings = {
				BUNDLE_LOADER = "$(TEST_HOST)";
				FRAMEWORK_SEARCH_PATHS = (
					"$(SDKROOT)/Developer/Library/Frameworks",
					"$(inherited)",
				);
				INFOPLIST_FILE = WYInteractiveTransitionsTests/Info.plist;
				LD_RUNPATH_SEARCH_PATHS = "$(inherited) @executable_path/Frameworks @loader_path/Frameworks";
				PRODUCT_NAME = "$(TARGET_NAME)";
				TEST_HOST = "$(BUILT_PRODUCTS_DIR)/WYInteractiveTransitions.app/WYInteractiveTransitions";
			};
			name = Release;
		};
/* End XCBuildConfiguration section */

/* Begin XCConfigurationList section */
		882FC9711B36EC9E000949D8 /* Build configuration list for PBXProject "WYInteractiveTransitions" */ = {
			isa = XCConfigurationList;
			buildConfigurations = (
				882FC9931B36EC9E000949D8 /* Debug */,
				882FC9941B36EC9E000949D8 /* Release */,
			);
			defaultConfigurationIsVisible = 0;
			defaultConfigurationName = Release;
		};
		882FC9951B36EC9E000949D8 /* Build configuration list for PBXNativeTarget "WYInteractiveTransitions" */ = {
			isa = XCConfigurationList;
			buildConfigurations = (
				882FC9961B36EC9E000949D8 /* Debug */,
				882FC9971B36EC9E000949D8 /* Release */,
			);
			defaultConfigurationIsVisible = 0;
			defaultConfigurationName = Release;
		};
		882FC9981B36EC9E000949D8 /* Build configuration list for PBXNativeTarget "WYInteractiveTransitionsTests" */ = {
			isa = XCConfigurationList;
			buildConfigurations = (
				882FC9991B36EC9E000949D8 /* Debug */,
				882FC99A1B36EC9E000949D8 /* Release */,
			);
			defaultConfigurationIsVisible = 0;
			defaultConfigurationName = Release;
		};
/* End XCConfigurationList section */
	};
	rootObject = 882FC96E1B36EC9E000949D8 /* Project object */;
}
